
Microsoft Visual Studio Solution File, Format Version 12.00
# Visual Studio Version 16
VisualStudioVersion = 16.0.31702.278
MinimumVisualStudioVersion = 10.0.40219.1
Project("{8BC9CEB8-8B4A-11D0-8D11-00A0C91BC942}") = "Лаб 1.3", "Лаб 1.3\Лаб 1.3.vcxproj", "{18297C9D-9A79-42CC-AA5A-2FB01662429F}"
EndProject
Global
	GlobalSection(SolutionConfigurationPlatforms) = preSolution
		Debug|x64 = Debug|x64
		Debug|x86 = Debug|x86
		Release|x64 = Release|x64
		Release|x86 = Release|x86
	EndGlobalSection
	GlobalSection(ProjectConfigurationPlatforms) = postSolution
		{18297C9D-9A79-42CC-AA5A-2FB01662429F}.Debug|x64.ActiveCfg = Debug|x64
		{18297C9D-9A79-42CC-AA5A-2FB01662429F}.Debug|x64.Build.0 = Debug|x64
		{18297C9D-9A79-42CC-AA5A-2FB01662429F}.Debug|x86.ActiveCfg = Debug|Win32
		{18297C9D-9A79-42CC-AA5A-2FB01662429F}.Debug|x86.Build.0 = Debug|Win32
		{18297C9D-9A79-42CC-AA5A-2FB01662429F}.Release|x64.ActiveCfg = Release|x64
		{18297C9D-9A79-42CC-AA5A-2FB01662429F}.Release|x64.Build.0 = Release|x64
		{18297C9D-9A79-42CC-AA5A-2FB01662429F}.Release|x86.ActiveCfg = Release|Win32
		{18297C9D-9A79-42CC-AA5A-2FB01662429F}.Release|x86.Build.0 = Release|Win32
	EndGlobalSection
	GlobalSection(SolutionProperties) = preSolution
		HideSolutionNode = FALSE
	EndGlobalSection
	GlobalSection(ExtensibilityGlobals) = postSolution
		SolutionGuid = {C4E2981F-6E90-4CD0-884E-D4A894373843}
	EndGlobalSection
EndGlobal
